
Microsoft Visual Studio Solution File, Format Version 12.00
# Visual Studio 2013
VisualStudioVersion = 12.0.31101.0
MinimumVisualStudioVersion = 10.0.40219.1
Project("{2150E333-8FDC-42A3-9474-1A3956D46DE8}") = "POC", "POC", "{5FACBED4-A6D8-472E-9432-39FE716D44BE}"
EndProject
Project("{2150E333-8FDC-42A3-9474-1A3956D46DE8}") = "Services", "Services", "{814E6405-87AA-460C-B20B-97795CC44CFF}"
EndProject
Project("{FAE04EC0-301F-11D3-BF4B-00C04F79EFBC}") = "GitWebServiceConsole", "GitWebServiceConsole\GitWebServiceConsole.csproj", "{6B5E1215-8353-4948-BB6F-0E437FBA024F}"
EndProject
Project("{FAE04EC0-301F-11D3-BF4B-00C04F79EFBC}") = "GitWebService", "GitWebService\GitWebService.csproj", "{26922DBE-DCDF-4736-9455-DB46CACE2BE7}"
EndProject
Global
	GlobalSection(SolutionConfigurationPlatforms) = preSolution
		Debug|Any CPU = Debug|Any CPU
		Release|Any CPU = Release|Any CPU
	EndGlobalSection
	GlobalSection(ProjectConfigurationPlatforms) = postSolution
		{6B5E1215-8353-4948-BB6F-0E437FBA024F}.Debug|Any CPU.ActiveCfg = Debug|Any CPU
		{6B5E1215-8353-4948-BB6F-0E437FBA024F}.Debug|Any CPU.Build.0 = Debug|Any CPU
		{6B5E1215-8353-4948-BB6F-0E437FBA024F}.Release|Any CPU.ActiveCfg = Release|Any CPU
		{6B5E1215-8353-4948-BB6F-0E437FBA024F}.Release|Any CPU.Build.0 = Release|Any CPU
		{26922DBE-DCDF-4736-9455-DB46CACE2BE7}.Debug|Any CPU.ActiveCfg = Debug|Any CPU
		{26922DBE-DCDF-4736-9455-DB46CACE2BE7}.Debug|Any CPU.Build.0 = Debug|Any CPU
		{26922DBE-DCDF-4736-9455-DB46CACE2BE7}.Release|Any CPU.ActiveCfg = Release|Any CPU
		{26922DBE-DCDF-4736-9455-DB46CACE2BE7}.Release|Any CPU.Build.0 = Release|Any CPU
	EndGlobalSection
	GlobalSection(SolutionProperties) = preSolution
		HideSolutionNode = FALSE
	EndGlobalSection
	GlobalSection(NestedProjects) = preSolution
		{6B5E1215-8353-4948-BB6F-0E437FBA024F} = {5FACBED4-A6D8-472E-9432-39FE716D44BE}
		{26922DBE-DCDF-4736-9455-DB46CACE2BE7} = {814E6405-87AA-460C-B20B-97795CC44CFF}
	EndGlobalSection
EndGlobal
